// !$*UTF8*$!
{
	archiveVersion = 1;
	classes = {
	};
	objectVersion = 46;
	objects = {

/* Begin PBXBuildFile section */
		5ED278EC1D45F27100DB9038 /* main.m in Sources */ = {isa = PBXBuildFile; fileRef = 5ED278EB1D45F27100DB9038 /* main.m */; };
		5ED278EF1D45F27100DB9038 /* AppDelegate.m in Sources */ = {isa = PBXBuildFile; fileRef = 5ED278EE1D45F27100DB9038 /* AppDelegate.m */; };
		5ED278F21D45F27100DB9038 /* ViewController.m in Sources */ = {isa = PBXBuildFile; fileRef = 5ED278F11D45F27100DB9038 /* ViewController.m */; };
		5ED278F51D45F27100DB9038 /* Main.storyboard in Resources */ = {isa = PBXBuildFile; fileRef = 5ED278F31D45F27100DB9038 /* Main.storyboard */; };
		5ED278F71D45F27100DB9038 /* Assets.xcassets in Resources */ = {isa = PBXBuildFile; fileRef = 5ED278F61D45F27100DB9038 /* Assets.xcassets */; };
		5ED278FA1D45F27100DB9038 /* LaunchScreen.storyboard in Resources */ = {isa = PBXBuildFile; fileRef = 5ED278F81D45F27100DB9038 /* LaunchScreen.storyboard */; };
		5ED279051D45F27100DB9038 /* _____Tests.m in Sources */ = {isa = PBXBuildFile; fileRef = 5ED279041D45F27100DB9038 /* _____Tests.m */; };
		5ED279101D45F27100DB9038 /* _____UITests.m in Sources */ = {isa = PBXBuildFile; fileRef = 5ED2790F1D45F27100DB9038 /* _____UITests.m */; };
		5ED92DA31D48984B00EDA199 /* NSString+Att.m in Sources */ = {isa = PBXBuildFile; fileRef = 5ED92DA21D48984B00EDA199 /* NSString+Att.m */; };
		5EEFB0401D4730FE004688BF /* NSString+Pinyin.m in Sources */ = {isa = PBXBuildFile; fileRef = 5EEFB03F1D4730FE004688BF /* NSString+Pinyin.m */; };
/* End PBXBuildFile section */

/* Begin PBXContainerItemProxy section */
		5ED279011D45F27100DB9038 /* PBXContainerItemProxy */ = {
			isa = PBXContainerItemProxy;
			containerPortal = 5ED278DF1D45F27100DB9038 /* Project object */;
			proxyType = 1;
			remoteGlobalIDString = 5ED278E61D45F27100DB9038;
			remoteInfo = "分离字符串";
		};
		5ED2790C1D45F27100DB9038 /* PBXContainerItemProxy */ = {
			isa = PBXContainerItemProxy;
			containerPortal = 5ED278DF1D45F27100DB9038 /* Project object */;
			proxyType = 1;
			remoteGlobalIDString = 5ED278E61D45F27100DB9038;
			remoteInfo = "分离字符串";
		};
/* End PBXContainerItemProxy section */

/* Begin PBXFileReference section */
		5ED278E71D45F27100DB9038 /* 分离字符串.app */ = {isa = PBXFileReference; explicitFileType = wrapper.application; includeInIndex = 0; path = "分离字符串.app"; sourceTree = BUILT_PRODUCTS_DIR; };
		5ED278EB1D45F27100DB9038 /* main.m */ = {isa = PBXFileReference; lastKnownFileType = sourcecode.c.objc; path = main.m; sourceTree = "<group>"; };
		5ED278ED1D45F27100DB9038 /* AppDelegate.h */ = {isa = PBXFileReference; lastKnownFileType = sourcecode.c.h; path = AppDelegate.h; sourceTree = "<group>"; };
		5ED278EE1D45F27100DB9038 /* AppDelegate.m */ = {isa = PBXFileReference; lastKnownFileType = sourcecode.c.objc; path = AppDelegate.m; sourceTree = "<group>"; };
		5ED278F01D45F27100DB9038 /* ViewController.h */ = {isa = PBXFileReference; lastKnownFileType = sourcecode.c.h; path = ViewController.h; sourceTree = "<group>"; };
		5ED278F11D45F27100DB9038 /* ViewController.m */ = {isa = PBXFileReference; lastKnownFileType = sourcecode.c.objc; path = ViewController.m; sourceTree = "<group>"; };
		5ED278F41D45F27100DB9038 /* Base */ = {isa = PBXFileReference; lastKnownFileType = file.storyboard; name = Base; path = Base.lproj/Main.storyboard; sourceTree = "<group>"; };
		5ED278F61D45F27100DB9038 /* Assets.xcassets */ = {isa = PBXFileReference; lastKnownFileType = folder.assetcatalog; path = Assets.xcassets; sourceTree = "<group>"; };
		5ED278F91D45F27100DB9038 /* Base */ = {isa = PBXFileReference; lastKnownFileType = file.storyboard; name = Base; path = Base.lproj/LaunchScreen.storyboard; sourceTree = "<group>"; };
		5ED278FB1D45F27100DB9038 /* Info.plist */ = {isa = PBXFileReference; lastKnownFileType = text.plist.xml; path = Info.plist; sourceTree = "<group>"; };
		5ED279001D45F27100DB9038 /* 分离字符串Tests.xctest */ = {isa = PBXFileReference; explicitFileType = wrapper.cfbundle; includeInIndex = 0; path = "分离字符串Tests.xctest"; sourceTree = BUILT_PRODUCTS_DIR; };
		5ED279041D45F27100DB9038 /* _____Tests.m */ = {isa = PBXFileReference; lastKnownFileType = sourcecode.c.objc; path = "_____Tests.m"; sourceTree = "<group>"; };
		5ED279061D45F27100DB9038 /* Info.plist */ = {isa = PBXFileReference; lastKnownFileType = text.plist.xml; path = Info.plist; sourceTree = "<group>"; };
		5ED2790B1D45F27100DB9038 /* 分离字符串UITests.xctest */ = {isa = PBXFileReference; explicitFileType = wrapper.cfbundle; includeInIndex = 0; path = "分离字符串UITests.xctest"; sourceTree = BUILT_PRODUCTS_DIR; };
		5ED2790F1D45F27100DB9038 /* _____UITests.m */ = {isa = PBXFileReference; lastKnownFileType = sourcecode.c.objc; path = "_____UITests.m"; sourceTree = "<group>"; };
		5ED279111D45F27100DB9038 /* Info.plist */ = {isa = PBXFileReference; lastKnownFileType = text.plist.xml; path = Info.plist; sourceTree = "<group>"; };
		5ED92DA11D48984B00EDA199 /* NSString+Att.h */ = {isa = PBXFileReference; fileEncoding = 4; lastKnownFileType = sourcecode.c.h; path = "NSString+Att.h"; sourceTree = "<group>"; };
		5ED92DA21D48984B00EDA199 /* NSString+Att.m */ = {isa = PBXFileReference; fileEncoding = 4; lastKnownFileType = sourcecode.c.objc; path = "NSString+Att.m"; sourceTree = "<group>"; };
		5EEFB03E1D4730FE004688BF /* NSString+Pinyin.h */ = {isa = PBXFileReference; fileEncoding = 4; lastKnownFileType = sourcecode.c.h; path = "NSString+Pinyin.h"; sourceTree = "<group>"; };
		5EEFB03F1D4730FE004688BF /* NSString+Pinyin.m */ = {isa = PBXFileReference; fileEncoding = 4; lastKnownFileType = sourcecode.c.objc; path = "NSString+Pinyin.m"; sourceTree = "<group>"; };
/* End PBXFileReference section */

/* Begin PBXFrameworksBuildPhase section */
		5ED278E41D45F27100DB9038 /* Frameworks */ = {
			isa = PBXFrameworksBuildPhase;
			buildActionMask = 2147483647;
			files = (
			);
			runOnlyForDeploymentPostprocessing = 0;
		};
		5ED278FD1D45F27100DB9038 /* Frameworks */ = {
			isa = PBXFrameworksBuildPhase;
			buildActionMask = 2147483647;
			files = (
			);
			runOnlyForDeploymentPostprocessing = 0;
		};
		5ED279081D45F27100DB9038 /* Frameworks */ = {
			isa = PBXFrameworksBuildPhase;
			buildActionMask = 2147483647;
			files = (
			);
			runOnlyForDeploymentPostprocessing = 0;
		};
/* End PBXFrameworksBuildPhase section */

/* Begin PBXGroup section */
		5ED278DE1D45F27100DB9038 = {
			isa = PBXGroup;
			children = (
				5ED278E91D45F27100DB9038 /* 分离字符串 */,
				5ED279031D45F27100DB9038 /* 分离字符串Tests */,
				5ED2790E1D45F27100DB9038 /* 分离字符串UITests */,
				5ED278E81D45F27100DB9038 /* Products */,
			);
			sourceTree = "<group>";
		};
		5ED278E81D45F27100DB9038 /* Products */ = {
			isa = PBXGroup;
			children = (
				5ED278E71D45F27100DB9038 /* 分离字符串.app */,
				5ED279001D45F27100DB9038 /* 分离字符串Tests.xctest */,
				5ED2790B1D45F27100DB9038 /* 分离字符串UITests.xctest */,
			);
			name = Products;
			sourceTree = "<group>";
		};
		5ED278E91D45F27100DB9038 /* 分离字符串 */ = {
			isa = PBXGroup;
			children = (
				5ED278ED1D45F27100DB9038 /* AppDelegate.h */,
				5ED278EE1D45F27100DB9038 /* AppDelegate.m */,
				5ED278F01D45F27100DB9038 /* ViewController.h */,
				5ED278F11D45F27100DB9038 /* ViewController.m */,
				5EEFB03E1D4730FE004688BF /* NSString+Pinyin.h */,
				5EEFB03F1D4730FE004688BF /* NSString+Pinyin.m */,
				5ED92DA11D48984B00EDA199 /* NSString+Att.h */,
				5ED92DA21D48984B00EDA199 /* NSString+Att.m */,
				5ED278F31D45F27100DB9038 /* Main.storyboard */,
				5ED278F61D45F27100DB9038 /* Assets.xcassets */,
				5ED278F81D45F27100DB9038 /* LaunchScreen.storyboard */,
				5ED278FB1D45F27100DB9038 /* Info.plist */,
				5ED278EA1D45F27100DB9038 /* Supporting Files */,
			);
			path = "分离字符串";
			sourceTree = "<group>";
		};
		5ED278EA1D45F27100DB9038 /* Supporting Files */ = {
			isa = PBXGroup;
			children = (
				5ED278EB1D45F27100DB9038 /* main.m */,
			);
			name = "Supporting Files";
			sourceTree = "<group>";
		};
		5ED279031D45F27100DB9038 /* 分离字符串Tests */ = {
			isa = PBXGroup;
			children = (
				5ED279041D45F27100DB9038 /* _____Tests.m */,
				5ED279061D45F27100DB9038 /* Info.plist */,
			);
			path = "分离字符串Tests";
			sourceTree = "<group>";
		};
		5ED2790E1D45F27100DB9038 /* 分离字符串UITests */ = {
			isa = PBXGroup;
			children = (
				5ED2790F1D45F27100DB9038 /* _____UITests.m */,
				5ED279111D45F27100DB9038 /* Info.plist */,
			);
			path = "分离字符串UITests";
			sourceTree = "<group>";
		};
/* End PBXGroup section */

/* Begin PBXNativeTarget section */
		5ED278E61D45F27100DB9038 /* 分离字符串 */ = {
			isa = PBXNativeTarget;
			buildConfigurationList = 5ED279141D45F27100DB9038 /* Build configuration list for PBXNativeTarget "分离字符串" */;
			buildPhases = (
				5ED278E31D45F27100DB9038 /* Sources */,
				5ED278E41D45F27100DB9038 /* Frameworks */,
				5ED278E51D45F27100DB9038 /* Resources */,
			);
			buildRules = (
			);
			dependencies = (
			);
			name = "分离字符串";
			productName = "分离字符串";
			productReference = 5ED278E71D45F27100DB9038 /* 分离字符串.app */;
			productType = "com.apple.product-type.application";
		};
		5ED278FF1D45F27100DB9038 /* 分离字符串Tests */ = {
			isa = PBXNativeTarget;
			buildConfigurationList = 5ED279171D45F27100DB9038 /* Build configuration list for PBXNativeTarget "分离字符串Tests" */;
			buildPhases = (
				5ED278FC1D45F27100DB9038 /* Sources */,
				5ED278FD1D45F27100DB9038 /* Frameworks */,
				5ED278FE1D45F27100DB9038 /* Resources */,
			);
			buildRules = (
			);
			dependencies = (
				5ED279021D45F27100DB9038 /* PBXTargetDependency */,
			);
			name = "分离字符串Tests";
			productName = "分离字符串Tests";
			productReference = 5ED279001D45F27100DB9038 /* 分离字符串Tests.xctest */;
			productType = "com.apple.product-type.bundle.unit-test";
		};
		5ED2790A1D45F27100DB9038 /* 分离字符串UITests */ = {
			isa = PBXNativeTarget;
			buildConfigurationList = 5ED2791A1D45F27100DB9038 /* Build configuration list for PBXNativeTarget "分离字符串UITests" */;
			buildPhases = (
				5ED279071D45F27100DB9038 /* Sources */,
				5ED279081D45F27100DB9038 /* Frameworks */,
				5ED279091D45F27100DB9038 /* Resources */,
			);
			buildRules = (
			);
			dependencies = (
				5ED2790D1D45F27100DB9038 /* PBXTargetDependency */,
			);
			name = "分离字符串UITests";
			productName = "分离字符串UITests";
			productReference = 5ED2790B1D45F27100DB9038 /* 分离字符串UITests.xctest */;
			productType = "com.apple.product-type.bundle.ui-testing";
		};
/* End PBXNativeTarget section */

/* Begin PBXProject section */
		5ED278DF1D45F27100DB9038 /* Project object */ = {
			isa = PBXProject;
			attributes = {
				LastUpgradeCheck = 0730;
				ORGANIZATIONNAME = zhuchenglong;
				TargetAttributes = {
					5ED278E61D45F27100DB9038 = {
						CreatedOnToolsVersion = 7.3;
						DevelopmentTeam = K5TAEH6PHJ;
					};
					5ED278FF1D45F27100DB9038 = {
						CreatedOnToolsVersion = 7.3;
						DevelopmentTeam = K5TAEH6PHJ;
						TestTargetID = 5ED278E61D45F27100DB9038;
					};
					5ED2790A1D45F27100DB9038 = {
						CreatedOnToolsVersion = 7.3;
						DevelopmentTeam = K5TAEH6PHJ;
						TestTargetID = 5ED278E61D45F27100DB9038;
					};
				};
			};
			buildConfigurationList = 5ED278E21D45F27100DB9038 /* Build configuration list for PBXProject "分离字符串" */;
			compatibilityVersion = "Xcode 3.2";
			developmentRegion = English;
			hasScannedForEncodings = 0;
			knownRegions = (
				en,
				Base,
			);
			mainGroup = 5ED278DE1D45F27100DB9038;
			productRefGroup = 5ED278E81D45F27100DB9038 /* Products */;
			projectDirPath = "";
			projectRoot = "";
			targets = (
				5ED278E61D45F27100DB9038 /* 分离字符串 */,
				5ED278FF1D45F27100DB9038 /* 分离字符串Tests */,
				5ED2790A1D45F27100DB9038 /* 分离字符串UITests */,
			);
		};
/* End PBXProject section */

/* Begin PBXResourcesBuildPhase section */
		5ED278E51D45F27100DB9038 /* Resources */ = {
			isa = PBXResourcesBuildPhase;
			buildActionMask = 2147483647;
			files = (
				5ED278FA1D45F27100DB9038 /* LaunchScreen.storyboard in Resources */,
				5ED278F71D45F27100DB9038 /* Assets.xcassets in Resources */,
				5ED278F51D45F27100DB9038 /* Main.storyboard in Resources */,
			);
			runOnlyForDeploymentPostprocessing = 0;
		};
		5ED278FE1D45F27100DB9038 /* Resources */ = {
			isa = PBXResourcesBuildPhase;
			buildActionMask = 2147483647;
			files = (
			);
			runOnlyForDeploymentPostprocessing = 0;
		};
		5ED279091D45F27100DB9038 /* Resources */ = {
			isa = PBXResourcesBuildPhase;
			buildActionMask = 2147483647;
			files = (
			);
			runOnlyForDeploymentPostprocessing = 0;
		};
/* End PBXResourcesBuildPhase section */

/* Begin PBXSourcesBuildPhase section */
		5ED278E31D45F27100DB9038 /* Sources */ = {
			isa = PBXSourcesBuildPhase;
			buildActionMask = 2147483647;
			files = (
				5ED278F21D45F27100DB9038 /* ViewController.m in Sources */,
				5ED278EF1D45F27100DB9038 /* AppDelegate.m in Sources */,
				5EEFB0401D4730FE004688BF /* NSString+Pinyin.m in Sources */,
				5ED92DA31D48984B00EDA199 /* NSString+Att.m in Sources */,
				5ED278EC1D45F27100DB9038 /* main.m in Sources */,
			);
			runOnlyForDeploymentPostprocessing = 0;
		};
		5ED278FC1D45F27100DB9038 /* Sources */ = {
			isa = PBXSourcesBuildPhase;
			buildActionMask = 2147483647;
			files = (
				5ED279051D45F27100DB9038 /* _____Tests.m in Sources */,
			);
			runOnlyForDeploymentPostprocessing = 0;
		};
		5ED279071D45F27100DB9038 /* Sources */ = {
			isa = PBXSourcesBuildPhase;
			buildActionMask = 2147483647;
			files = (
				5ED279101D45F27100DB9038 /* _____UITests.m in Sources */,
			);
			runOnlyForDeploymentPostprocessing = 0;
		};
/* End PBXSourcesBuildPhase section */

/* Begin PBXTargetDependency section */
		5ED279021D45F27100DB9038 /* PBXTargetDependency */ = {
			isa = PBXTargetDependency;
			target = 5ED278E61D45F27100DB9038 /* 分离字符串 */;
			targetProxy = 5ED279011D45F27100DB9038 /* PBXContainerItemProxy */;
		};
		5ED2790D1D45F27100DB9038 /* PBXTargetDependency */ = {
			isa = PBXTargetDependency;
			target = 5ED278E61D45F27100DB9038 /* 分离字符串 */;
			targetProxy = 5ED2790C1D45F27100DB9038 /* PBXContainerItemProxy */;
		};
/* End PBXTargetDependency section */

/* Begin PBXVariantGroup section */
		5ED278F31D45F27100DB9038 /* Main.storyboard */ = {
			isa = PBXVariantGroup;
			children = (
				5ED278F41D45F27100DB9038 /* Base */,
			);
			name = Main.storyboard;
			sourceTree = "<group>";
		};
		5ED278F81D45F27100DB9038 /* LaunchScreen.storyboard */ = {
			isa = PBXVariantGroup;
			children = (
				5ED278F91D45F27100DB9038 /* Base */,
			);
			name = LaunchScreen.storyboard;
			sourceTree = "<group>";
		};
/* End PBXVariantGroup section */

/* Begin XCBuildConfiguration section */
		5ED279121D45F27100DB9038 /* Debug */ = {
			isa = XCBuildConfiguration;
			buildSettings = {
				ALWAYS_SEARCH_USER_PATHS = NO;
				CLANG_ANALYZER_NONNULL = YES;
				CLANG_CXX_LANGUAGE_STANDARD = "gnu++0x";
				CLANG_CXX_LIBRARY = "libc++";
				CLANG_ENABLE_MODULES = YES;
				CLANG_ENABLE_OBJC_ARC = YES;
				CLANG_WARN_BOOL_CONVERSION = YES;
				CLANG_WARN_CONSTANT_CONVERSION = YES;
				CLANG_WARN_DIRECT_OBJC_ISA_USAGE = YES_ERROR;
				CLANG_WARN_EMPTY_BODY = YES;
				CLANG_WARN_ENUM_CONVERSION = YES;
				CLANG_WARN_INT_CONVERSION = YES;
				CLANG_WARN_OBJC_ROOT_CLASS = YES_ERROR;
				CLANG_WARN_UNREACHABLE_CODE = YES;
				CLANG_WARN__DUPLICATE_METHOD_MATCH = YES;
				"CODE_SIGN_IDENTITY[sdk=iphoneos*]" = "iPhone Developer";
				COPY_PHASE_STRIP = NO;
				DEBUG_INFORMATION_FORMAT = dwarf;
				ENABLE_STRICT_OBJC_MSGSEND = YES;
				ENABLE_TESTABILITY = YES;
				GCC_C_LANGUAGE_STANDARD = gnu99;
				GCC_DYNAMIC_NO_PIC = NO;
				GCC_NO_COMMON_BLOCKS = YES;
				GCC_OPTIMIZATION_LEVEL = 0;
				GCC_PREPROCESSOR_DEFINITIONS = (
					"DEBUG=1",
					"$(inherited)",
				);
				GCC_WARN_64_TO_32_BIT_CONVERSION = YES;
				GCC_WARN_ABOUT_RETURN_TYPE = YES_ERROR;
				GCC_WARN_UNDECLARED_SELECTOR = YES;
				GCC_WARN_UNINITIALIZED_AUTOS = YES_AGGRESSIVE;
				GCC_WARN_UNUSED_FUNCTION = YES;
				GCC_WARN_UNUSED_VARIABLE = YES;
				IPHONEOS_DEPLOYMENT_TARGET = 9.3;
				MTL_ENABLE_DEBUG_INFO = YES;
				ONLY_ACTIVE_ARCH = YES;
				SDKROOT = iphoneos;
			};
			name = Debug;
		};
		5ED279131D45F27100DB9038 /* Release */ = {
			isa = XCBuildConfiguration;
			buildSettings = {
				ALWAYS_SEARCH_USER_PATHS = NO;
				CLANG_ANALYZER_NONNULL = YES;
				CLANG_CXX_LANGUAGE_STANDARD = "gnu++0x";
				CLANG_CXX_LIBRARY = "libc++";
				CLANG_ENABLE_MODULES = YES;
				CLANG_ENABLE_OBJC_ARC = YES;
				CLANG_WARN_BOOL_CONVERSION = YES;
				CLANG_WARN_CONSTANT_CONVERSION = YES;
				CLANG_WARN_DIRECT_OBJC_ISA_USAGE = YES_ERROR;
				CLANG_WARN_EMPTY_BODY = YES;
				CLANG_WARN_ENUM_CONVERSION = YES;
				CLANG_WARN_INT_CONVERSION = YES;
				CLANG_WARN_OBJC_ROOT_CLASS = YES_ERROR;
				CLANG_WARN_UNREACHABLE_CODE = YES;
				CLANG_WARN__DUPLICATE_METHOD_MATCH = YES;
				"CODE_SIGN_IDENTITY[sdk=iphoneos*]" = "iPhone Developer";
				COPY_PHASE_STRIP = NO;
				DEBUG_INFORMATION_FORMAT = "dwarf-with-dsym";
				ENABLE_NS_ASSERTIONS = NO;
				ENABLE_STRICT_OBJC_MSGSEND = YES;
				GCC_C_LANGUAGE_STANDARD = gnu99;
				GCC_NO_COMMON_BLOCKS = YES;
				GCC_WARN_64_TO_32_BIT_CONVERSION = YES;
				GCC_WARN_ABOUT_RETURN_TYPE = YES_ERROR;
				GCC_WARN_UNDECLARED_SELECTOR = YES;
				GCC_WARN_UNINITIALIZED_AUTOS = YES_AGGRESSIVE;
				GCC_WARN_UNUSED_FUNCTION = YES;
				GCC_WARN_UNUSED_VARIABLE = YES;
				IPHONEOS_DEPLOYMENT_TARGET = 9.3;
				MTL_ENABLE_DEBUG_INFO = NO;
				SDKROOT = iphoneos;
				VALIDATE_PRODUCT = YES;
			};
			name = Release;
		};
		5ED279151D45F27100DB9038 /* Debug */ = {
			isa = XCBuildConfiguration;
			buildSettings = {
				ASSETCATALOG_COMPILER_APPICON_NAME = AppIcon;
				INFOPLIST_FILE = "分离字符串/Info.plist";
				LD_RUNPATH_SEARCH_PATHS = "$(inherited) @executable_path/Frameworks";
				PRODUCT_BUNDLE_IDENTIFIER = "com.zhuchenglong.-----";
				PRODUCT_NAME = "$(TARGET_NAME)";
			};
			name = Debug;
		};
		5ED279161D45F27100DB9038 /* Release */ = {
			isa = XCBuildConfiguration;
			buildSettings = {
				ASSETCATALOG_COMPILER_APPICON_NAME = AppIcon;
				INFOPLIST_FILE = "分离字符串/Info.plist";
				LD_RUNPATH_SEARCH_PATHS = "$(inherited) @executable_path/Frameworks";
				PRODUCT_BUNDLE_IDENTIFIER = "com.zhuchenglong.-----";
				PRODUCT_NAME = "$(TARGET_NAME)";
			};
			name = Release;
		};
		5ED279181D45F27100DB9038 /* Debug */ = {
			isa = XCBuildConfiguration;
			buildSettings = {
				BUNDLE_LOADER = "$(TEST_HOST)";
				INFOPLIST_FILE = "分离字符串Tests/Info.plist";
				LD_RUNPATH_SEARCH_PATHS = "$(inherited) @executable_path/Frameworks @loader_path/Frameworks";
				PRODUCT_BUNDLE_IDENTIFIER = "com.zhuchenglong.-----Tests";
				PRODUCT_NAME = "$(TARGET_NAME)";
				TEST_HOST = "$(BUILT_PRODUCTS_DIR)/分离字符串.app/分离字符串";
			};
			name = Debug;
		};
		5ED279191D45F27100DB9038 /* Release */ = {
			isa = XCBuildConfiguration;
			buildSettings = {
				BUNDLE_LOADER = "$(TEST_HOST)";
				INFOPLIST_FILE = "分离字符串Tests/Info.plist";
				LD_RUNPATH_SEARCH_PATHS = "$(inherited) @executable_path/Frameworks @loader_path/Frameworks";
				PRODUCT_BUNDLE_IDENTIFIER = "com.zhuchenglong.-----Tests";
				PRODUCT_NAME = "$(TARGET_NAME)";
				TEST_HOST = "$(BUILT_PRODUCTS_DIR)/分离字符串.app/分离字符串";
			};
			name = Release;
		};
		5ED2791B1D45F27100DB9038 /* Debug */ = {
			isa = XCBuildConfiguration;
			buildSettings = {
				INFOPLIST_FILE = "分离字符串UITests/Info.plist";
				LD_RUNPATH_SEARCH_PATHS = "$(inherited) @executable_path/Frameworks @loader_path/Frameworks";
				PRODUCT_BUNDLE_IDENTIFIER = "com.zhuchenglong.-----UITests";
				PRODUCT_NAME = "$(TARGET_NAME)";
				TEST_TARGET_NAME = "分离字符串";
			};
			name = Debug;
		};
		5ED2791C1D45F27100DB9038 /* Release */ = {
			isa = XCBuildConfiguration;
			buildSettings = {
				INFOPLIST_FILE = "分离字符串UITests/Info.plist";
				LD_RUNPATH_SEARCH_PATHS = "$(inherited) @executable_path/Frameworks @loader_path/Frameworks";
				PRODUCT_BUNDLE_IDENTIFIER = "com.zhuchenglong.-----UITests";
				PRODUCT_NAME = "$(TARGET_NAME)";
				TEST_TARGET_NAME = "分离字符串";
			};
			name = Release;
		};
/* End XCBuildConfiguration section */

/* Begin XCConfigurationList section */
		5ED278E21D45F27100DB9038 /* Build configuration list for PBXProject "分离字符串" */ = {
			isa = XCConfigurationList;
			buildConfigurations = (
				5ED279121D45F27100DB9038 /* Debug */,
				5ED279131D45F27100DB9038 /* Release */,
			);
			defaultConfigurationIsVisible = 0;
			defaultConfigurationName = Release;
		};
		5ED279141D45F27100DB9038 /* Build configuration list for PBXNativeTarget "分离字符串" */ = {
			isa = XCConfigurationList;
			buildConfigurations = (
				5ED279151D45F27100DB9038 /* Debug */,
				5ED279161D45F27100DB9038 /* Release */,
			);
			defaultConfigurationIsVisible = 0;
			defaultConfigurationName = Release;
		};
		5ED279171D45F27100DB9038 /* Build configuration list for PBXNativeTarget "分离字符串Tests" */ = {
			isa = XCConfigurationList;
			buildConfigurations = (
				5ED279181D45F27100DB9038 /* Debug */,
				5ED279191D45F27100DB9038 /* Release */,
			);
			defaultConfigurationIsVisible = 0;
			defaultConfigurationName = Release;
		};
		5ED2791A1D45F27100DB9038 /* Build configuration list for PBXNativeTarget "分离字符串UITests" */ = {
			isa = XCConfigurationList;
			buildConfigurations = (
				5ED2791B1D45F27100DB9038 /* Debug */,
				5ED2791C1D45F27100DB9038 /* Release */,
			);
			defaultConfigurationIsVisible = 0;
			defaultConfigurationName = Release;
		};
/* End XCConfigurationList section */
	};
	rootObject = 5ED278DF1D45F27100DB9038 /* Project object */;
}
